{
  "name": "grupo6hoysejuega-13.37.55",
  "version": "1.0.0",
  "lockfileVersion": 2,
  "requires": true,
  "packages": {
    "": {
      "name": "grupo6hoysejuega-13.37.55",
      "version": "1.0.0",
      "license": "ISC",
      "dependencies": {
        "nodemodule": "^0.3.0"
      }
    },
    "node_modules/nodemodule": {
      "version": "0.3.0",
      "resolved": "https://registry.npmjs.org/nodemodule/-/nodemodule-0.3.0.tgz",
      "integrity": "sha1-e3XaP8q0RC1SbauC5VYq9CBjyD0="
    }
  },
  "dependencies": {
    "nodemodule": {
      "version": "0.3.0",
      "resolved": "https://registry.npmjs.org/nodemodule/-/nodemodule-0.3.0.tgz",
      "integrity": "sha1-e3XaP8q0RC1SbauC5VYq9CBjyD0="
    }
  }
}
