{
  "name": "grupo6hoysejuega-13.37.55",
  "version": "1.0.0",
  "lockfileVersion": 2,
  "requires": true,
  "packages": {
    "": {
      "name": "grupo6hoysejuega-13.37.55",
      "version": "1.0.0",
      "license": "ISC",
      "dependencies": {
        "@waaark/luge": "^0.6.7-beta",
        "nodemodule": "^0.3.0"
      }
    },
    "node_modules/@waaark/luge": {
      "version": "0.6.7-beta",
      "resolved": "https://registry.npmjs.org/@waaark/luge/-/luge-0.6.7-beta.tgz",
      "integrity": "sha512-x2sxNOgUhQ0cwJfRv1N/mmUKM7ogateA4I4zxKImyXPhxsF0iyuihO7q4eDPzYObVqL+Udg6HnQMCrvWLQ6VZw==",
      "dependencies": {
        "bowser": "^2.11.0",
        "whatwg-fetch": "^3.6.2"
      }
    },
    "node_modules/bowser": {
      "version": "2.11.0",
      "resolved": "https://registry.npmjs.org/bowser/-/bowser-2.11.0.tgz",
      "integrity": "sha512-AlcaJBi/pqqJBIQ8U9Mcpc9i8Aqxn88Skv5d+xBX006BY5u8N3mGLHa5Lgppa7L/HfwgwLgZ6NYs+Ag6uUmJRA=="
    },
    "node_modules/nodemodule": {
      "version": "0.3.0",
      "resolved": "https://registry.npmjs.org/nodemodule/-/nodemodule-0.3.0.tgz",
      "integrity": "sha1-e3XaP8q0RC1SbauC5VYq9CBjyD0="
    },
    "node_modules/whatwg-fetch": {
      "version": "3.6.2",
      "resolved": "https://registry.npmjs.org/whatwg-fetch/-/whatwg-fetch-3.6.2.tgz",
      "integrity": "sha512-bJlen0FcuU/0EMLrdbJ7zOnW6ITZLrZMIarMUVmdKtsGvZna8vxKYaexICWPfZ8qwf9fzNq+UEIZrnSaApt6RA=="
    }
  },
  "dependencies": {
    "@waaark/luge": {
      "version": "0.6.7-beta",
      "resolved": "https://registry.npmjs.org/@waaark/luge/-/luge-0.6.7-beta.tgz",
      "integrity": "sha512-x2sxNOgUhQ0cwJfRv1N/mmUKM7ogateA4I4zxKImyXPhxsF0iyuihO7q4eDPzYObVqL+Udg6HnQMCrvWLQ6VZw==",
      "requires": {
        "bowser": "^2.11.0",
        "whatwg-fetch": "^3.6.2"
      }
    },
    "bowser": {
      "version": "2.11.0",
      "resolved": "https://registry.npmjs.org/bowser/-/bowser-2.11.0.tgz",
      "integrity": "sha512-AlcaJBi/pqqJBIQ8U9Mcpc9i8Aqxn88Skv5d+xBX006BY5u8N3mGLHa5Lgppa7L/HfwgwLgZ6NYs+Ag6uUmJRA=="
    },
    "nodemodule": {
      "version": "0.3.0",
      "resolved": "https://registry.npmjs.org/nodemodule/-/nodemodule-0.3.0.tgz",
      "integrity": "sha1-e3XaP8q0RC1SbauC5VYq9CBjyD0="
    },
    "whatwg-fetch": {
      "version": "3.6.2",
      "resolved": "https://registry.npmjs.org/whatwg-fetch/-/whatwg-fetch-3.6.2.tgz",
      "integrity": "sha512-bJlen0FcuU/0EMLrdbJ7zOnW6ITZLrZMIarMUVmdKtsGvZna8vxKYaexICWPfZ8qwf9fzNq+UEIZrnSaApt6RA=="
    }
  }
}
